
Microsoft Visual Studio Solution File, Format Version 12.00
# Visual Studio Version 16
VisualStudioVersion = 16.0.29009.5
MinimumVisualStudioVersion = 15.0.26124.0
Project("{2150E333-8FDC-42A3-9474-1A3956D46DE8}") = "src", "src", "{220981A4-9B17-417E-96DA-F9694CF78C03}"
EndProject
Project("{9A19103F-16F7-4668-BE54-9A1E7A4F7556}") = "Hangfire.AzureStorage", "src\Hangfire.AzureStorage\Hangfire.AzureStorage.csproj", "{B3E06D79-4B31-409E-A535-7BC865B895DB}"
EndProject
Project("{2150E333-8FDC-42A3-9474-1A3956D46DE8}") = "tests", "tests", "{9686C525-0456-481F-83CA-C7DB1D5854BF}"
EndProject
Project("{9A19103F-16F7-4668-BE54-9A1E7A4F7556}") = "Hangfire.AzureStorage.Tests", "tests\Hangfire.AzureStorage.Tests\Hangfire.AzureStorage.Tests.csproj", "{4587D848-07DB-4166-9C03-711A7C5864F6}"
EndProject
Project("{2150E333-8FDC-42A3-9474-1A3956D46DE8}") = "docs", "docs", "{B8E04D45-1933-4CBA-883A-C3E9F6E7B5D1}"
	ProjectSection(SolutionItems) = preProject
		docs\schema.md = docs\schema.md
	EndProjectSection
EndProject
Project("{9A19103F-16F7-4668-BE54-9A1E7A4F7556}") = "NetCoreSample", "src\NetCoreSample\NetCoreSample.csproj", "{FF15E299-55BA-4245-AA3B-DBC934F880A4}"
EndProject
Project("{FAE04EC0-301F-11D3-BF4B-00C04F79EFBC}") = "AspNetCoreHost", "src\AspNetCoreHost\AspNetCoreHost.csproj", "{79D78997-B116-4DFC-9C52-6E5FE72B0034}"
EndProject
Global
	GlobalSection(SolutionConfigurationPlatforms) = preSolution
		Debug|Any CPU = Debug|Any CPU
		Debug|x64 = Debug|x64
		Debug|x86 = Debug|x86
		Release|Any CPU = Release|Any CPU
		Release|x64 = Release|x64
		Release|x86 = Release|x86
	EndGlobalSection
	GlobalSection(ProjectConfigurationPlatforms) = postSolution
		{B3E06D79-4B31-409E-A535-7BC865B895DB}.Debug|Any CPU.ActiveCfg = Debug|Any CPU
		{B3E06D79-4B31-409E-A535-7BC865B895DB}.Debug|Any CPU.Build.0 = Debug|Any CPU
		{B3E06D79-4B31-409E-A535-7BC865B895DB}.Debug|x64.ActiveCfg = Debug|Any CPU
		{B3E06D79-4B31-409E-A535-7BC865B895DB}.Debug|x64.Build.0 = Debug|Any CPU
		{B3E06D79-4B31-409E-A535-7BC865B895DB}.Debug|x86.ActiveCfg = Debug|Any CPU
		{B3E06D79-4B31-409E-A535-7BC865B895DB}.Debug|x86.Build.0 = Debug|Any CPU
		{B3E06D79-4B31-409E-A535-7BC865B895DB}.Release|Any CPU.ActiveCfg = Release|Any CPU
		{B3E06D79-4B31-409E-A535-7BC865B895DB}.Release|Any CPU.Build.0 = Release|Any CPU
		{B3E06D79-4B31-409E-A535-7BC865B895DB}.Release|x64.ActiveCfg = Release|Any CPU
		{B3E06D79-4B31-409E-A535-7BC865B895DB}.Release|x64.Build.0 = Release|Any CPU
		{B3E06D79-4B31-409E-A535-7BC865B895DB}.Release|x86.ActiveCfg = Release|Any CPU
		{B3E06D79-4B31-409E-A535-7BC865B895DB}.Release|x86.Build.0 = Release|Any CPU
		{4587D848-07DB-4166-9C03-711A7C5864F6}.Debug|Any CPU.ActiveCfg = Debug|Any CPU
		{4587D848-07DB-4166-9C03-711A7C5864F6}.Debug|Any CPU.Build.0 = Debug|Any CPU
		{4587D848-07DB-4166-9C03-711A7C5864F6}.Debug|x64.ActiveCfg = Debug|Any CPU
		{4587D848-07DB-4166-9C03-711A7C5864F6}.Debug|x64.Build.0 = Debug|Any CPU
		{4587D848-07DB-4166-9C03-711A7C5864F6}.Debug|x86.ActiveCfg = Debug|Any CPU
		{4587D848-07DB-4166-9C03-711A7C5864F6}.Debug|x86.Build.0 = Debug|Any CPU
		{4587D848-07DB-4166-9C03-711A7C5864F6}.Release|Any CPU.ActiveCfg = Release|Any CPU
		{4587D848-07DB-4166-9C03-711A7C5864F6}.Release|Any CPU.Build.0 = Release|Any CPU
		{4587D848-07DB-4166-9C03-711A7C5864F6}.Release|x64.ActiveCfg = Release|Any CPU
		{4587D848-07DB-4166-9C03-711A7C5864F6}.Release|x64.Build.0 = Release|Any CPU
		{4587D848-07DB-4166-9C03-711A7C5864F6}.Release|x86.ActiveCfg = Release|Any CPU
		{4587D848-07DB-4166-9C03-711A7C5864F6}.Release|x86.Build.0 = Release|Any CPU
		{FF15E299-55BA-4245-AA3B-DBC934F880A4}.Debug|Any CPU.ActiveCfg = Debug|Any CPU
		{FF15E299-55BA-4245-AA3B-DBC934F880A4}.Debug|Any CPU.Build.0 = Debug|Any CPU
		{FF15E299-55BA-4245-AA3B-DBC934F880A4}.Debug|x64.ActiveCfg = Debug|Any CPU
		{FF15E299-55BA-4245-AA3B-DBC934F880A4}.Debug|x64.Build.0 = Debug|Any CPU
		{FF15E299-55BA-4245-AA3B-DBC934F880A4}.Debug|x86.ActiveCfg = Debug|Any CPU
		{FF15E299-55BA-4245-AA3B-DBC934F880A4}.Debug|x86.Build.0 = Debug|Any CPU
		{FF15E299-55BA-4245-AA3B-DBC934F880A4}.Release|Any CPU.ActiveCfg = Release|Any CPU
		{FF15E299-55BA-4245-AA3B-DBC934F880A4}.Release|Any CPU.Build.0 = Release|Any CPU
		{FF15E299-55BA-4245-AA3B-DBC934F880A4}.Release|x64.ActiveCfg = Release|Any CPU
		{FF15E299-55BA-4245-AA3B-DBC934F880A4}.Release|x64.Build.0 = Release|Any CPU
		{FF15E299-55BA-4245-AA3B-DBC934F880A4}.Release|x86.ActiveCfg = Release|Any CPU
		{FF15E299-55BA-4245-AA3B-DBC934F880A4}.Release|x86.Build.0 = Release|Any CPU
		{79D78997-B116-4DFC-9C52-6E5FE72B0034}.Debug|Any CPU.ActiveCfg = Debug|Any CPU
		{79D78997-B116-4DFC-9C52-6E5FE72B0034}.Debug|Any CPU.Build.0 = Debug|Any CPU
		{79D78997-B116-4DFC-9C52-6E5FE72B0034}.Debug|x64.ActiveCfg = Debug|Any CPU
		{79D78997-B116-4DFC-9C52-6E5FE72B0034}.Debug|x64.Build.0 = Debug|Any CPU
		{79D78997-B116-4DFC-9C52-6E5FE72B0034}.Debug|x86.ActiveCfg = Debug|Any CPU
		{79D78997-B116-4DFC-9C52-6E5FE72B0034}.Debug|x86.Build.0 = Debug|Any CPU
		{79D78997-B116-4DFC-9C52-6E5FE72B0034}.Release|Any CPU.ActiveCfg = Release|Any CPU
		{79D78997-B116-4DFC-9C52-6E5FE72B0034}.Release|Any CPU.Build.0 = Release|Any CPU
		{79D78997-B116-4DFC-9C52-6E5FE72B0034}.Release|x64.ActiveCfg = Release|Any CPU
		{79D78997-B116-4DFC-9C52-6E5FE72B0034}.Release|x64.Build.0 = Release|Any CPU
		{79D78997-B116-4DFC-9C52-6E5FE72B0034}.Release|x86.ActiveCfg = Release|Any CPU
		{79D78997-B116-4DFC-9C52-6E5FE72B0034}.Release|x86.Build.0 = Release|Any CPU
	EndGlobalSection
	GlobalSection(SolutionProperties) = preSolution
		HideSolutionNode = FALSE
	EndGlobalSection
	GlobalSection(NestedProjects) = preSolution
		{B3E06D79-4B31-409E-A535-7BC865B895DB} = {220981A4-9B17-417E-96DA-F9694CF78C03}
		{4587D848-07DB-4166-9C03-711A7C5864F6} = {9686C525-0456-481F-83CA-C7DB1D5854BF}
		{FF15E299-55BA-4245-AA3B-DBC934F880A4} = {220981A4-9B17-417E-96DA-F9694CF78C03}
		{79D78997-B116-4DFC-9C52-6E5FE72B0034} = {220981A4-9B17-417E-96DA-F9694CF78C03}
	EndGlobalSection
	GlobalSection(ExtensibilityGlobals) = postSolution
		SolutionGuid = {0027871E-7389-4AC5-BF63-4E99EFFF5CB8}
	EndGlobalSection
EndGlobal
